
Microsoft Visual Studio Solution File, Format Version 12.00
# Visual Studio Version 17
VisualStudioVersion = 17.14.36203.30 d17.14
MinimumVisualStudioVersion = 10.0.40219.1
Project("{FAE04EC0-301F-11D3-BF4B-00C04F79EFBC}") = "OksModule", "OksModule\OksModule.csproj", "{4C433BAE-DCF0-4A2C-BFBA-11B9D18AFEE4}"
EndProject
Global
	GlobalSection(SolutionConfigurationPlatforms) = preSolution
		Debug|Any CPU = Debug|Any CPU
		Release|Any CPU = Release|Any CPU
	EndGlobalSection
	GlobalSection(ProjectConfigurationPlatforms) = postSolution
		{4C433BAE-DCF0-4A2C-BFBA-11B9D18AFEE4}.Debug|Any CPU.ActiveCfg = Debug|Any CPU
		{4C433BAE-DCF0-4A2C-BFBA-11B9D18AFEE4}.Debug|Any CPU.Build.0 = Debug|Any CPU
		{4C433BAE-DCF0-4A2C-BFBA-11B9D18AFEE4}.Release|Any CPU.ActiveCfg = Release|Any CPU
		{4C433BAE-DCF0-4A2C-BFBA-11B9D18AFEE4}.Release|Any CPU.Build.0 = Release|Any CPU
	EndGlobalSection
	GlobalSection(SolutionProperties) = preSolution
		HideSolutionNode = FALSE
	EndGlobalSection
	GlobalSection(ExtensibilityGlobals) = postSolution
		SolutionGuid = {78CF9B98-9186-4851-AF72-CDE10A21CBC1}
	EndGlobalSection
EndGlobal
